// !$*UTF8*$!
{
	archiveVersion = 1;
	classes = {
	};
	objectVersion = 55;
	objects = {

/* Begin PBXBuildFile section */
		00E3578C28AD39F70091A98E /* AppDelegate.swift in Sources */ = {isa = PBXBuildFile; fileRef = 00E3578B28AD39F70091A98E /* AppDelegate.swift */; };
		00E3578E28AD39F70091A98E /* SceneDelegate.swift in Sources */ = {isa = PBXBuildFile; fileRef = 00E3578D28AD39F70091A98E /* SceneDelegate.swift */; };
		00E3579028AD39F70091A98E /* ViewController.swift in Sources */ = {isa = PBXBuildFile; fileRef = 00E3578F28AD39F70091A98E /* ViewController.swift */; };
		00E3579328AD39F70091A98E /* Main.storyboard in Resources */ = {isa = PBXBuildFile; fileRef = 00E3579128AD39F70091A98E /* Main.storyboard */; settings = {ASSET_TAGS = (Results1, ); }; };
		00E3579628AD39F70091A98E /* JobShop.xcdatamodeld in Sources */ = {isa = PBXBuildFile; fileRef = 00E3579428AD39F70091A98E /* JobShop.xcdatamodeld */; };
		00E3579828AD39FF0091A98E /* Assets.xcassets in Resources */ = {isa = PBXBuildFile; fileRef = 00E3579728AD39FF0091A98E /* Assets.xcassets */; };
		00E3579B28AD39FF0091A98E /* LaunchScreen.storyboard in Resources */ = {isa = PBXBuildFile; fileRef = 00E3579928AD39FF0091A98E /* LaunchScreen.storyboard */; };
		00E357A628AD3A000091A98E /* JobShopTests.swift in Sources */ = {isa = PBXBuildFile; fileRef = 00E357A528AD3A000091A98E /* JobShopTests.swift */; };
		00E357B028AD3A000091A98E /* JobShopUITests.swift in Sources */ = {isa = PBXBuildFile; fileRef = 00E357AF28AD3A000091A98E /* JobShopUITests.swift */; };
		00E357B228AD3A000091A98E /* JobShopUITestsLaunchTests.swift in Sources */ = {isa = PBXBuildFile; fileRef = 00E357B128AD3A000091A98E /* JobShopUITestsLaunchTests.swift */; };
		EB07400D28AF2D090007D44E /* QuizQuestionsViewController.swift in Sources */ = {isa = PBXBuildFile; fileRef = EB07400C28AF2D090007D44E /* QuizQuestionsViewController.swift */; };
		EBFA04A428AFE2BF004E320C /* ResultsViewController.swift in Sources */ = {isa = PBXBuildFile; fileRef = EBFA04A328AFE2BF004E320C /* ResultsViewController.swift */; };
/* End PBXBuildFile section */

/* Begin PBXContainerItemProxy section */
		00E357A228AD3A000091A98E /* PBXContainerItemProxy */ = {
			isa = PBXContainerItemProxy;
			containerPortal = 00E3578028AD39F70091A98E /* Project object */;
			proxyType = 1;
			remoteGlobalIDString = 00E3578728AD39F70091A98E;
			remoteInfo = JobShop;
		};
		00E357AC28AD3A000091A98E /* PBXContainerItemProxy */ = {
			isa = PBXContainerItemProxy;
			containerPortal = 00E3578028AD39F70091A98E /* Project object */;
			proxyType = 1;
			remoteGlobalIDString = 00E3578728AD39F70091A98E;
			remoteInfo = JobShop;
		};
/* End PBXContainerItemProxy section */

/* Begin PBXFileReference section */
		00E3578828AD39F70091A98E /* JobShop.app */ = {isa = PBXFileReference; explicitFileType = wrapper.application; includeInIndex = 0; path = JobShop.app; sourceTree = BUILT_PRODUCTS_DIR; };
		00E3578B28AD39F70091A98E /* AppDelegate.swift */ = {isa = PBXFileReference; lastKnownFileType = sourcecode.swift; path = AppDelegate.swift; sourceTree = "<group>"; };
		00E3578D28AD39F70091A98E /* SceneDelegate.swift */ = {isa = PBXFileReference; lastKnownFileType = sourcecode.swift; path = SceneDelegate.swift; sourceTree = "<group>"; };
		00E3578F28AD39F70091A98E /* ViewController.swift */ = {isa = PBXFileReference; lastKnownFileType = sourcecode.swift; path = ViewController.swift; sourceTree = "<group>"; };
		00E3579228AD39F70091A98E /* Base */ = {isa = PBXFileReference; lastKnownFileType = file.storyboard; name = Base; path = Base.lproj/Main.storyboard; sourceTree = "<group>"; };
		00E3579528AD39F70091A98E /* JobShop.xcdatamodel */ = {isa = PBXFileReference; lastKnownFileType = wrapper.xcdatamodel; path = JobShop.xcdatamodel; sourceTree = "<group>"; };
		00E3579728AD39FF0091A98E /* Assets.xcassets */ = {isa = PBXFileReference; lastKnownFileType = folder.assetcatalog; path = Assets.xcassets; sourceTree = "<group>"; };
		00E3579A28AD39FF0091A98E /* Base */ = {isa = PBXFileReference; lastKnownFileType = file.storyboard; name = Base; path = Base.lproj/LaunchScreen.storyboard; sourceTree = "<group>"; };
		00E3579C28AD39FF0091A98E /* Info.plist */ = {isa = PBXFileReference; lastKnownFileType = text.plist.xml; path = Info.plist; sourceTree = "<group>"; };
		00E357A128AD3A000091A98E /* JobShopTests.xctest */ = {isa = PBXFileReference; explicitFileType = wrapper.cfbundle; includeInIndex = 0; path = JobShopTests.xctest; sourceTree = BUILT_PRODUCTS_DIR; };
		00E357A528AD3A000091A98E /* JobShopTests.swift */ = {isa = PBXFileReference; lastKnownFileType = sourcecode.swift; path = JobShopTests.swift; sourceTree = "<group>"; };
		00E357AB28AD3A000091A98E /* JobShopUITests.xctest */ = {isa = PBXFileReference; explicitFileType = wrapper.cfbundle; includeInIndex = 0; path = JobShopUITests.xctest; sourceTree = BUILT_PRODUCTS_DIR; };
		00E357AF28AD3A000091A98E /* JobShopUITests.swift */ = {isa = PBXFileReference; lastKnownFileType = sourcecode.swift; path = JobShopUITests.swift; sourceTree = "<group>"; };
		00E357B128AD3A000091A98E /* JobShopUITestsLaunchTests.swift */ = {isa = PBXFileReference; lastKnownFileType = sourcecode.swift; path = JobShopUITestsLaunchTests.swift; sourceTree = "<group>"; };
		EB07400C28AF2D090007D44E /* QuizQuestionsViewController.swift */ = {isa = PBXFileReference; lastKnownFileType = sourcecode.swift; path = QuizQuestionsViewController.swift; sourceTree = "<group>"; };
		EBFA04A328AFE2BF004E320C /* ResultsViewController.swift */ = {isa = PBXFileReference; lastKnownFileType = sourcecode.swift; path = ResultsViewController.swift; sourceTree = "<group>"; };
/* End PBXFileReference section */

/* Begin PBXFrameworksBuildPhase section */
		00E3578528AD39F70091A98E /* Frameworks */ = {
			isa = PBXFrameworksBuildPhase;
			buildActionMask = 2147483647;
			files = (
			);
			runOnlyForDeploymentPostprocessing = 0;
		};
		00E3579E28AD3A000091A98E /* Frameworks */ = {
			isa = PBXFrameworksBuildPhase;
			buildActionMask = 2147483647;
			files = (
			);
			runOnlyForDeploymentPostprocessing = 0;
		};
		00E357A828AD3A000091A98E /* Frameworks */ = {
			isa = PBXFrameworksBuildPhase;
			buildActionMask = 2147483647;
			files = (
			);
			runOnlyForDeploymentPostprocessing = 0;
		};
/* End PBXFrameworksBuildPhase section */

/* Begin PBXGroup section */
		00E3577F28AD39F70091A98E = {
			isa = PBXGroup;
			children = (
				00E3578A28AD39F70091A98E /* JobShop */,
				00E357A428AD3A000091A98E /* JobShopTests */,
				00E357AE28AD3A000091A98E /* JobShopUITests */,
				00E3578928AD39F70091A98E /* Products */,
			);
			sourceTree = "<group>";
		};
		00E3578928AD39F70091A98E /* Products */ = {
			isa = PBXGroup;
			children = (
				00E3578828AD39F70091A98E /* JobShop.app */,
				00E357A128AD3A000091A98E /* JobShopTests.xctest */,
				00E357AB28AD3A000091A98E /* JobShopUITests.xctest */,
			);
			name = Products;
			sourceTree = "<group>";
		};
		00E3578A28AD39F70091A98E /* JobShop */ = {
			isa = PBXGroup;
			children = (
				00E3578B28AD39F70091A98E /* AppDelegate.swift */,
				00E3578D28AD39F70091A98E /* SceneDelegate.swift */,
				00E3578F28AD39F70091A98E /* ViewController.swift */,
				EBFA04A328AFE2BF004E320C /* ResultsViewController.swift */,
				EB07400C28AF2D090007D44E /* QuizQuestionsViewController.swift */,
				00E3579128AD39F70091A98E /* Main.storyboard */,
				00E3579728AD39FF0091A98E /* Assets.xcassets */,
				00E3579928AD39FF0091A98E /* LaunchScreen.storyboard */,
				00E3579C28AD39FF0091A98E /* Info.plist */,
				00E3579428AD39F70091A98E /* JobShop.xcdatamodeld */,
			);
			path = JobShop;
			sourceTree = "<group>";
		};
		00E357A428AD3A000091A98E /* JobShopTests */ = {
			isa = PBXGroup;
			children = (
				00E357A528AD3A000091A98E /* JobShopTests.swift */,
			);
			path = JobShopTests;
			sourceTree = "<group>";
		};
		00E357AE28AD3A000091A98E /* JobShopUITests */ = {
			isa = PBXGroup;
			children = (
				00E357AF28AD3A000091A98E /* JobShopUITests.swift */,
				00E357B128AD3A000091A98E /* JobShopUITestsLaunchTests.swift */,
			);
			path = JobShopUITests;
			sourceTree = "<group>";
		};
/* End PBXGroup section */

/* Begin PBXNativeTarget section */
		00E3578728AD39F70091A98E /* JobShop */ = {
			isa = PBXNativeTarget;
			buildConfigurationList = 00E357B528AD3A000091A98E /* Build configuration list for PBXNativeTarget "JobShop" */;
			buildPhases = (
				00E3578428AD39F70091A98E /* Sources */,
				00E3578528AD39F70091A98E /* Frameworks */,
				00E3578628AD39F70091A98E /* Resources */,
			);
			buildRules = (
			);
			dependencies = (
			);
			name = JobShop;
			productName = JobShop;
			productReference = 00E3578828AD39F70091A98E /* JobShop.app */;
			productType = "com.apple.product-type.application";
		};
		00E357A028AD3A000091A98E /* JobShopTests */ = {
			isa = PBXNativeTarget;
			buildConfigurationList = 00E357B828AD3A000091A98E /* Build configuration list for PBXNativeTarget "JobShopTests" */;
			buildPhases = (
				00E3579D28AD3A000091A98E /* Sources */,
				00E3579E28AD3A000091A98E /* Frameworks */,
				00E3579F28AD3A000091A98E /* Resources */,
			);
			buildRules = (
			);
			dependencies = (
				00E357A328AD3A000091A98E /* PBXTargetDependency */,
			);
			name = JobShopTests;
			productName = JobShopTests;
			productReference = 00E357A128AD3A000091A98E /* JobShopTests.xctest */;
			productType = "com.apple.product-type.bundle.unit-test";
		};
		00E357AA28AD3A000091A98E /* JobShopUITests */ = {
			isa = PBXNativeTarget;
			buildConfigurationList = 00E357BB28AD3A000091A98E /* Build configuration list for PBXNativeTarget "JobShopUITests" */;
			buildPhases = (
				00E357A728AD3A000091A98E /* Sources */,
				00E357A828AD3A000091A98E /* Frameworks */,
				00E357A928AD3A000091A98E /* Resources */,
			);
			buildRules = (
			);
			dependencies = (
				00E357AD28AD3A000091A98E /* PBXTargetDependency */,
			);
			name = JobShopUITests;
			productName = JobShopUITests;
			productReference = 00E357AB28AD3A000091A98E /* JobShopUITests.xctest */;
			productType = "com.apple.product-type.bundle.ui-testing";
		};
/* End PBXNativeTarget section */

/* Begin PBXProject section */
		00E3578028AD39F70091A98E /* Project object */ = {
			isa = PBXProject;
			attributes = {
				BuildIndependentTargetsInParallel = 1;
				KnownAssetTags = (
					Results1,
				);
				LastSwiftUpdateCheck = 1340;
				LastUpgradeCheck = 1340;
				TargetAttributes = {
					00E3578728AD39F70091A98E = {
						CreatedOnToolsVersion = 13.4.1;
					};
					00E357A028AD3A000091A98E = {
						CreatedOnToolsVersion = 13.4.1;
						TestTargetID = 00E3578728AD39F70091A98E;
					};
					00E357AA28AD3A000091A98E = {
						CreatedOnToolsVersion = 13.4.1;
						TestTargetID = 00E3578728AD39F70091A98E;
					};
				};
			};
			buildConfigurationList = 00E3578328AD39F70091A98E /* Build configuration list for PBXProject "JobShop" */;
			compatibilityVersion = "Xcode 13.0";
			developmentRegion = en;
			hasScannedForEncodings = 0;
			knownRegions = (
				en,
				Base,
			);
			mainGroup = 00E3577F28AD39F70091A98E;
			productRefGroup = 00E3578928AD39F70091A98E /* Products */;
			projectDirPath = "";
			projectRoot = "";
			targets = (
				00E3578728AD39F70091A98E /* JobShop */,
				00E357A028AD3A000091A98E /* JobShopTests */,
				00E357AA28AD3A000091A98E /* JobShopUITests */,
			);
		};
/* End PBXProject section */

/* Begin PBXResourcesBuildPhase section */
		00E3578628AD39F70091A98E /* Resources */ = {
			isa = PBXResourcesBuildPhase;
			buildActionMask = 2147483647;
			files = (
				00E3579B28AD39FF0091A98E /* LaunchScreen.storyboard in Resources */,
				00E3579828AD39FF0091A98E /* Assets.xcassets in Resources */,
				00E3579328AD39F70091A98E /* Main.storyboard in Resources */,
			);
			runOnlyForDeploymentPostprocessing = 0;
		};
		00E3579F28AD3A000091A98E /* Resources */ = {
			isa = PBXResourcesBuildPhase;
			buildActionMask = 2147483647;
			files = (
			);
			runOnlyForDeploymentPostprocessing = 0;
		};
		00E357A928AD3A000091A98E /* Resources */ = {
			isa = PBXResourcesBuildPhase;
			buildActionMask = 2147483647;
			files = (
			);
			runOnlyForDeploymentPostprocessing = 0;
		};
/* End PBXResourcesBuildPhase section */

/* Begin PBXSourcesBuildPhase section */
		00E3578428AD39F70091A98E /* Sources */ = {
			isa = PBXSourcesBuildPhase;
			buildActionMask = 2147483647;
			files = (
				00E3579028AD39F70091A98E /* ViewController.swift in Sources */,
				EB07400D28AF2D090007D44E /* QuizQuestionsViewController.swift in Sources */,
				00E3579628AD39F70091A98E /* JobShop.xcdatamodeld in Sources */,
				00E3578C28AD39F70091A98E /* AppDelegate.swift in Sources */,
				00E3578E28AD39F70091A98E /* SceneDelegate.swift in Sources */,
				EBFA04A428AFE2BF004E320C /* ResultsViewController.swift in Sources */,
			);
			runOnlyForDeploymentPostprocessing = 0;
		};
		00E3579D28AD3A000091A98E /* Sources */ = {
			isa = PBXSourcesBuildPhase;
			buildActionMask = 2147483647;
			files = (
				00E357A628AD3A000091A98E /* JobShopTests.swift in Sources */,
			);
			runOnlyForDeploymentPostprocessing = 0;
		};
		00E357A728AD3A000091A98E /* Sources */ = {
			isa = PBXSourcesBuildPhase;
			buildActionMask = 2147483647;
			files = (
				00E357B228AD3A000091A98E /* JobShopUITestsLaunchTests.swift in Sources */,
				00E357B028AD3A000091A98E /* JobShopUITests.swift in Sources */,
			);
			runOnlyForDeploymentPostprocessing = 0;
		};
/* End PBXSourcesBuildPhase section */

/* Begin PBXTargetDependency section */
		00E357A328AD3A000091A98E /* PBXTargetDependency */ = {
			isa = PBXTargetDependency;
			target = 00E3578728AD39F70091A98E /* JobShop */;
			targetProxy = 00E357A228AD3A000091A98E /* PBXContainerItemProxy */;
		};
		00E357AD28AD3A000091A98E /* PBXTargetDependency */ = {
			isa = PBXTargetDependency;
			target = 00E3578728AD39F70091A98E /* JobShop */;
			targetProxy = 00E357AC28AD3A000091A98E /* PBXContainerItemProxy */;
		};
/* End PBXTargetDependency section */

/* Begin PBXVariantGroup section */
		00E3579128AD39F70091A98E /* Main.storyboard */ = {
			isa = PBXVariantGroup;
			children = (
				00E3579228AD39F70091A98E /* Base */,
			);
			name = Main.storyboard;
			sourceTree = "<group>";
		};
		00E3579928AD39FF0091A98E /* LaunchScreen.storyboard */ = {
			isa = PBXVariantGroup;
			children = (
				00E3579A28AD39FF0091A98E /* Base */,
			);
			name = LaunchScreen.storyboard;
			sourceTree = "<group>";
		};
/* End PBXVariantGroup section */

/* Begin XCBuildConfiguration section */
		00E357B328AD3A000091A98E /* Debug */ = {
			isa = XCBuildConfiguration;
			buildSettings = {
				ALWAYS_SEARCH_USER_PATHS = NO;
				CLANG_ANALYZER_NONNULL = YES;
				CLANG_ANALYZER_NUMBER_OBJECT_CONVERSION = YES_AGGRESSIVE;
				CLANG_CXX_LANGUAGE_STANDARD = "gnu++17";
				CLANG_ENABLE_MODULES = YES;
				CLANG_ENABLE_OBJC_ARC = YES;
				CLANG_ENABLE_OBJC_WEAK = YES;
				CLANG_WARN_BLOCK_CAPTURE_AUTORELEASING = YES;
				CLANG_WARN_BOOL_CONVERSION = YES;
				CLANG_WARN_COMMA = YES;
				CLANG_WARN_CONSTANT_CONVERSION = YES;
				CLANG_WARN_DEPRECATED_OBJC_IMPLEMENTATIONS = YES;
				CLANG_WARN_DIRECT_OBJC_ISA_USAGE = YES_ERROR;
				CLANG_WARN_DOCUMENTATION_COMMENTS = YES;
				CLANG_WARN_EMPTY_BODY = YES;
				CLANG_WARN_ENUM_CONVERSION = YES;
				CLANG_WARN_INFINITE_RECURSION = YES;
				CLANG_WARN_INT_CONVERSION = YES;
				CLANG_WARN_NON_LITERAL_NULL_CONVERSION = YES;
				CLANG_WARN_OBJC_IMPLICIT_RETAIN_SELF = YES;
				CLANG_WARN_OBJC_LITERAL_CONVERSION = YES;
				CLANG_WARN_OBJC_ROOT_CLASS = YES_ERROR;
				CLANG_WARN_QUOTED_INCLUDE_IN_FRAMEWORK_HEADER = YES;
				CLANG_WARN_RANGE_LOOP_ANALYSIS = YES;
				CLANG_WARN_STRICT_PROTOTYPES = YES;
				CLANG_WARN_SUSPICIOUS_MOVE = YES;
				CLANG_WARN_UNGUARDED_AVAILABILITY = YES_AGGRESSIVE;
				CLANG_WARN_UNREACHABLE_CODE = YES;
				CLANG_WARN__DUPLICATE_METHOD_MATCH = YES;
				COPY_PHASE_STRIP = NO;
				DEBUG_INFORMATION_FORMAT = dwarf;
				ENABLE_STRICT_OBJC_MSGSEND = YES;
				ENABLE_TESTABILITY = YES;
				GCC_C_LANGUAGE_STANDARD = gnu11;
				GCC_DYNAMIC_NO_PIC = NO;
				GCC_NO_COMMON_BLOCKS = YES;
				GCC_OPTIMIZATION_LEVEL = 0;
				GCC_PREPROCESSOR_DEFINITIONS = (
					"DEBUG=1",
					"$(inherited)",
				);
				GCC_WARN_64_TO_32_BIT_CONVERSION = YES;
				GCC_WARN_ABOUT_RETURN_TYPE = YES_ERROR;
				GCC_WARN_UNDECLARED_SELECTOR = YES;
				GCC_WARN_UNINITIALIZED_AUTOS = YES_AGGRESSIVE;
				GCC_WARN_UNUSED_FUNCTION = YES;
				GCC_WARN_UNUSED_VARIABLE = YES;
				IPHONEOS_DEPLOYMENT_TARGET = 15.5;
				MTL_ENABLE_DEBUG_INFO = INCLUDE_SOURCE;
				MTL_FAST_MATH = YES;
				ONLY_ACTIVE_ARCH = YES;
				SDKROOT = iphoneos;
				SWIFT_ACTIVE_COMPILATION_CONDITIONS = DEBUG;
				SWIFT_OPTIMIZATION_LEVEL = "-Onone";
			};
			name = Debug;
		};
		00E357B428AD3A000091A98E /* Release */ = {
			isa = XCBuildConfiguration;
			buildSettings = {
				ALWAYS_SEARCH_USER_PATHS = NO;
				CLANG_ANALYZER_NONNULL = YES;
				CLANG_ANALYZER_NUMBER_OBJECT_CONVERSION = YES_AGGRESSIVE;
				CLANG_CXX_LANGUAGE_STANDARD = "gnu++17";
				CLANG_ENABLE_MODULES = YES;
				CLANG_ENABLE_OBJC_ARC = YES;
				CLANG_ENABLE_OBJC_WEAK = YES;
				CLANG_WARN_BLOCK_CAPTURE_AUTORELEASING = YES;
				CLANG_WARN_BOOL_CONVERSION = YES;
				CLANG_WARN_COMMA = YES;
				CLANG_WARN_CONSTANT_CONVERSION = YES;
				CLANG_WARN_DEPRECATED_OBJC_IMPLEMENTATIONS = YES;
				CLANG_WARN_DIRECT_OBJC_ISA_USAGE = YES_ERROR;
				CLANG_WARN_DOCUMENTATION_COMMENTS = YES;
				CLANG_WARN_EMPTY_BODY = YES;
				CLANG_WARN_ENUM_CONVERSION = YES;
				CLANG_WARN_INFINITE_RECURSION = YES;
				CLANG_WARN_INT_CONVERSION = YES;
				CLANG_WARN_NON_LITERAL_NULL_CONVERSION = YES;
				CLANG_WARN_OBJC_IMPLICIT_RETAIN_SELF = YES;
				CLANG_WARN_OBJC_LITERAL_CONVERSION = YES;
				CLANG_WARN_OBJC_ROOT_CLASS = YES_ERROR;
				CLANG_WARN_QUOTED_INCLUDE_IN_FRAMEWORK_HEADER = YES;
				CLANG_WARN_RANGE_LOOP_ANALYSIS = YES;
				CLANG_WARN_STRICT_PROTOTYPES = YES;
				CLANG_WARN_SUSPICIOUS_MOVE = YES;
				CLANG_WARN_UNGUARDED_AVAILABILITY = YES_AGGRESSIVE;
				CLANG_WARN_UNREACHABLE_CODE = YES;
				CLANG_WARN__DUPLICATE_METHOD_MATCH = YES;
				COPY_PHASE_STRIP = NO;
				DEBUG_INFORMATION_FORMAT = "dwarf-with-dsym";
				ENABLE_NS_ASSERTIONS = NO;
				ENABLE_STRICT_OBJC_MSGSEND = YES;
				GCC_C_LANGUAGE_STANDARD = gnu11;
				GCC_NO_COMMON_BLOCKS = YES;
				GCC_WARN_64_TO_32_BIT_CONVERSION = YES;
				GCC_WARN_ABOUT_RETURN_TYPE = YES_ERROR;
				GCC_WARN_UNDECLARED_SELECTOR = YES;
				GCC_WARN_UNINITIALIZED_AUTOS = YES_AGGRESSIVE;
				GCC_WARN_UNUSED_FUNCTION = YES;
				GCC_WARN_UNUSED_VARIABLE = YES;
				IPHONEOS_DEPLOYMENT_TARGET = 15.5;
				MTL_ENABLE_DEBUG_INFO = NO;
				MTL_FAST_MATH = YES;
				SDKROOT = iphoneos;
				SWIFT_COMPILATION_MODE = wholemodule;
				SWIFT_OPTIMIZATION_LEVEL = "-O";
				VALIDATE_PRODUCT = YES;
			};
			name = Release;
		};
		00E357B628AD3A000091A98E /* Debug */ = {
			isa = XCBuildConfiguration;
			buildSettings = {
				ASSETCATALOG_COMPILER_APPICON_NAME = AppIcon;
				ASSETCATALOG_COMPILER_GLOBAL_ACCENT_COLOR_NAME = AccentColor;
				CODE_SIGN_STYLE = Automatic;
				CURRENT_PROJECT_VERSION = 1;
				DEVELOPMENT_TEAM = CSDL82YZUS;
				GENERATE_INFOPLIST_FILE = YES;
				INFOPLIST_FILE = JobShop/Info.plist;
				INFOPLIST_KEY_UIApplicationSupportsIndirectInputEvents = YES;
				INFOPLIST_KEY_UILaunchStoryboardName = LaunchScreen;
				INFOPLIST_KEY_UIMainStoryboardFile = Main;
				INFOPLIST_KEY_UISupportedInterfaceOrientations_iPad = "UIInterfaceOrientationPortrait UIInterfaceOrientationPortraitUpsideDown UIInterfaceOrientationLandscapeLeft UIInterfaceOrientationLandscapeRight";
				INFOPLIST_KEY_UISupportedInterfaceOrientations_iPhone = "UIInterfaceOrientationPortrait UIInterfaceOrientationLandscapeLeft UIInterfaceOrientationLandscapeRight";
				LD_RUNPATH_SEARCH_PATHS = (
					"$(inherited)",
					"@executable_path/Frameworks",
				);
				MARKETING_VERSION = 1.0;
				PRODUCT_BUNDLE_IDENTIFIER = Nida.JobShop;
				PRODUCT_NAME = "$(TARGET_NAME)";
				SWIFT_EMIT_LOC_STRINGS = YES;
				SWIFT_VERSION = 5.0;
				TARGETED_DEVICE_FAMILY = "1,2";
			};
			name = Debug;
		};
		00E357B728AD3A000091A98E /* Release */ = {
			isa = XCBuildConfiguration;
			buildSettings = {
				ASSETCATALOG_COMPILER_APPICON_NAME = AppIcon;
				ASSETCATALOG_COMPILER_GLOBAL_ACCENT_COLOR_NAME = AccentColor;
				CODE_SIGN_STYLE = Automatic;
				CURRENT_PROJECT_VERSION = 1;
				DEVELOPMENT_TEAM = CSDL82YZUS;
				GENERATE_INFOPLIST_FILE = YES;
				INFOPLIST_FILE = JobShop/Info.plist;
				INFOPLIST_KEY_UIApplicationSupportsIndirectInputEvents = YES;
				INFOPLIST_KEY_UILaunchStoryboardName = LaunchScreen;
				INFOPLIST_KEY_UIMainStoryboardFile = Main;
				INFOPLIST_KEY_UISupportedInterfaceOrientations_iPad = "UIInterfaceOrientationPortrait UIInterfaceOrientationPortraitUpsideDown UIInterfaceOrientationLandscapeLeft UIInterfaceOrientationLandscapeRight";
				INFOPLIST_KEY_UISupportedInterfaceOrientations_iPhone = "UIInterfaceOrientationPortrait UIInterfaceOrientationLandscapeLeft UIInterfaceOrientationLandscapeRight";
				LD_RUNPATH_SEARCH_PATHS = (
					"$(inherited)",
					"@executable_path/Frameworks",
				);
				MARKETING_VERSION = 1.0;
				PRODUCT_BUNDLE_IDENTIFIER = Nida.JobShop;
				PRODUCT_NAME = "$(TARGET_NAME)";
				SWIFT_EMIT_LOC_STRINGS = YES;
				SWIFT_VERSION = 5.0;
				TARGETED_DEVICE_FAMILY = "1,2";
			};
			name = Release;
		};
		00E357B928AD3A000091A98E /* Debug */ = {
			isa = XCBuildConfiguration;
			buildSettings = {
				ALWAYS_EMBED_SWIFT_STANDARD_LIBRARIES = YES;
				BUNDLE_LOADER = "$(TEST_HOST)";
				CODE_SIGN_STYLE = Automatic;
				CURRENT_PROJECT_VERSION = 1;
				GENERATE_INFOPLIST_FILE = YES;
				IPHONEOS_DEPLOYMENT_TARGET = 15.5;
				MARKETING_VERSION = 1.0;
				PRODUCT_BUNDLE_IDENTIFIER = Nida.JobShopTests;
				PRODUCT_NAME = "$(TARGET_NAME)";
				SWIFT_EMIT_LOC_STRINGS = NO;
				SWIFT_VERSION = 5.0;
				TARGETED_DEVICE_FAMILY = "1,2";
				TEST_HOST = "$(BUILT_PRODUCTS_DIR)/JobShop.app/JobShop";
			};
			name = Debug;
		};
		00E357BA28AD3A000091A98E /* Release */ = {
			isa = XCBuildConfiguration;
			buildSettings = {
				ALWAYS_EMBED_SWIFT_STANDARD_LIBRARIES = YES;
				BUNDLE_LOADER = "$(TEST_HOST)";
				CODE_SIGN_STYLE = Automatic;
				CURRENT_PROJECT_VERSION = 1;
				GENERATE_INFOPLIST_FILE = YES;
				IPHONEOS_DEPLOYMENT_TARGET = 15.5;
				MARKETING_VERSION = 1.0;
				PRODUCT_BUNDLE_IDENTIFIER = Nida.JobShopTests;
				PRODUCT_NAME = "$(TARGET_NAME)";
				SWIFT_EMIT_LOC_STRINGS = NO;
				SWIFT_VERSION = 5.0;
				TARGETED_DEVICE_FAMILY = "1,2";
				TEST_HOST = "$(BUILT_PRODUCTS_DIR)/JobShop.app/JobShop";
			};
			name = Release;
		};
		00E357BC28AD3A000091A98E /* Debug */ = {
			isa = XCBuildConfiguration;
			buildSettings = {
				ALWAYS_EMBED_SWIFT_STANDARD_LIBRARIES = YES;
				CODE_SIGN_STYLE = Automatic;
				CURRENT_PROJECT_VERSION = 1;
				GENERATE_INFOPLIST_FILE = YES;
				MARKETING_VERSION = 1.0;
				PRODUCT_BUNDLE_IDENTIFIER = Nida.JobShopUITests;
				PRODUCT_NAME = "$(TARGET_NAME)";
				SWIFT_EMIT_LOC_STRINGS = NO;
				SWIFT_VERSION = 5.0;
				TARGETED_DEVICE_FAMILY = "1,2";
				TEST_TARGET_NAME = JobShop;
			};
			name = Debug;
		};
		00E357BD28AD3A000091A98E /* Release */ = {
			isa = XCBuildConfiguration;
			buildSettings = {
				ALWAYS_EMBED_SWIFT_STANDARD_LIBRARIES = YES;
				CODE_SIGN_STYLE = Automatic;
				CURRENT_PROJECT_VERSION = 1;
				GENERATE_INFOPLIST_FILE = YES;
				MARKETING_VERSION = 1.0;
				PRODUCT_BUNDLE_IDENTIFIER = Nida.JobShopUITests;
				PRODUCT_NAME = "$(TARGET_NAME)";
				SWIFT_EMIT_LOC_STRINGS = NO;
				SWIFT_VERSION = 5.0;
				TARGETED_DEVICE_FAMILY = "1,2";
				TEST_TARGET_NAME = JobShop;
			};
			name = Release;
		};
/* End XCBuildConfiguration section */

/* Begin XCConfigurationList section */
		00E3578328AD39F70091A98E /* Build configuration list for PBXProject "JobShop" */ = {
			isa = XCConfigurationList;
			buildConfigurations = (
				00E357B328AD3A000091A98E /* Debug */,
				00E357B428AD3A000091A98E /* Release */,
			);
			defaultConfigurationIsVisible = 0;
			defaultConfigurationName = Release;
		};
		00E357B528AD3A000091A98E /* Build configuration list for PBXNativeTarget "JobShop" */ = {
			isa = XCConfigurationList;
			buildConfigurations = (
				00E357B628AD3A000091A98E /* Debug */,
				00E357B728AD3A000091A98E /* Release */,
			);
			defaultConfigurationIsVisible = 0;
			defaultConfigurationName = Release;
		};
		00E357B828AD3A000091A98E /* Build configuration list for PBXNativeTarget "JobShopTests" */ = {
			isa = XCConfigurationList;
			buildConfigurations = (
				00E357B928AD3A000091A98E /* Debug */,
				00E357BA28AD3A000091A98E /* Release */,
			);
			defaultConfigurationIsVisible = 0;
			defaultConfigurationName = Release;
		};
		00E357BB28AD3A000091A98E /* Build configuration list for PBXNativeTarget "JobShopUITests" */ = {
			isa = XCConfigurationList;
			buildConfigurations = (
				00E357BC28AD3A000091A98E /* Debug */,
				00E357BD28AD3A000091A98E /* Release */,
			);
			defaultConfigurationIsVisible = 0;
			defaultConfigurationName = Release;
		};
/* End XCConfigurationList section */

/* Begin XCVersionGroup section */
		00E3579428AD39F70091A98E /* JobShop.xcdatamodeld */ = {
			isa = XCVersionGroup;
			children = (
				00E3579528AD39F70091A98E /* JobShop.xcdatamodel */,
			);
			currentVersion = 00E3579528AD39F70091A98E /* JobShop.xcdatamodel */;
			path = JobShop.xcdatamodeld;
			sourceTree = "<group>";
			versionGroupType = wrapper.xcdatamodel;
		};
/* End XCVersionGroup section */
	};
	rootObject = 00E3578028AD39F70091A98E /* Project object */;
}
